
Microsoft Visual Studio Solution File, Format Version 12.00
# Visual Studio Version 16
VisualStudioVersion = 16.0.30711.63
MinimumVisualStudioVersion = 10.0.40219.1
Project("{FAE04EC0-301F-11D3-BF4B-00C04F79EFBC}") = "Сайт", "Сайт.csproj", "{0CB7FF75-A4C2-4469-A781-E788439AB665}"
EndProject
Global
	GlobalSection(SolutionConfigurationPlatforms) = preSolution
		Debug|Any CPU = Debug|Any CPU
		Release|Any CPU = Release|Any CPU
	EndGlobalSection
	GlobalSection(ProjectConfigurationPlatforms) = postSolution
		{0CB7FF75-A4C2-4469-A781-E788439AB665}.Debug|Any CPU.ActiveCfg = Debug|Any CPU
		{0CB7FF75-A4C2-4469-A781-E788439AB665}.Debug|Any CPU.Build.0 = Debug|Any CPU
		{0CB7FF75-A4C2-4469-A781-E788439AB665}.Release|Any CPU.ActiveCfg = Release|Any CPU
		{0CB7FF75-A4C2-4469-A781-E788439AB665}.Release|Any CPU.Build.0 = Release|Any CPU
	EndGlobalSection
	GlobalSection(SolutionProperties) = preSolution
		HideSolutionNode = FALSE
	EndGlobalSection
	GlobalSection(ExtensibilityGlobals) = postSolution
		SolutionGuid = {3644BC51-05F7-43B7-AEB6-97A3DBAEE91C}
	EndGlobalSection
EndGlobal
